<?xml version="1.0" encoding="utf-8"?>
<Project ToolsVersion="4.0" xmlns="http://schemas.microsoft.com/developer/msbuild/2003">
  <ItemGroup>
    <Filter Include="Source Files">
      <UniqueIdentifier>{4FC737F1-C7A5-4376-A066-2A32D752A2FF}</UniqueIdentifier>
      <Extensions>cpp;c;cc;cxx;def;odl;idl;hpj;bat;asm;asmx</Extensions>
    </Filter>
    <Filter Include="Header Files">
      <UniqueIdentifier>{93995380-89BD-4b04-88EB-625FBE52EBFB}</UniqueIdentifier>
      <Extensions>h;hh;hpp;hxx;hm;inl;inc;xsd</Extensions>
    </Filter>
    <Filter Include="Resource Files">
      <UniqueIdentifier>{67DA6AB6-F800-4c08-8B7A-83BB121AAD01}</UniqueIdentifier>
      <Extensions>rc;ico;cur;bmp;dlg;rc2;rct;bin;rgs;gif;jpg;jpeg;jpe;resx;tiff;tif;png;wav;mfcribbon-ms</Extensions>
    </Filter>
  </ItemGroup>
  <ItemGroup>
    <ClInclude Include="ActionBase.h">
      <Filter>Header Files</Filter>
    </ClInclude>
    <ClInclude Include="ActionMove.h">
      <Filter>Header Files</Filter>
    </ClInclude>
    <ClInclude Include="ActionSequence.h">
      <Filter>Header Files</Filter>
    </ClInclude>
    <ClInclude Include="Asciitok.h">
      <Filter>Header Files</Filter>
    </ClInclude>
    <ClInclude Include="AseFrame.h">
      <Filter>Header Files</Filter>
    </ClInclude>
    <ClInclude Include="AseLoader.h">
      <Filter>Header Files</Filter>
    </ClInclude>
    <ClInclude Include="Barricade.h">
      <Filter>Header Files</Filter>
    </ClInclude>
    <ClInclude Include="BoundingVolume.h">
      <Filter>Header Files</Filter>
    </ClInclude>
    <ClInclude Include="Camera.h">
      <Filter>Header Files</Filter>
    </ClInclude>
    <ClInclude Include="Character.h">
      <Filter>Header Files</Filter>
    </ClInclude>
    <ClInclude Include="Character_Collision.h">
      <Filter>Header Files</Filter>
    </ClInclude>
    <ClInclude Include="Character_MouseMove.h">
      <Filter>Header Files</Filter>
    </ClInclude>
    <ClInclude Include="Character_PathMove.h">
      <Filter>Header Files</Filter>
    </ClInclude>
    <ClInclude Include="Collider_Box.h">
      <Filter>Header Files</Filter>
    </ClInclude>
    <ClInclude Include="Collider_Sphere.h">
      <Filter>Header Files</Filter>
    </ClInclude>
    <ClInclude Include="Collision.h">
      <Filter>Header Files</Filter>
    </ClInclude>
    <ClInclude Include="Cube.h">
      <Filter>Header Files</Filter>
    </ClInclude>
    <ClInclude Include="Cube_Material.h">
      <Filter>Header Files</Filter>
    </ClInclude>
    <ClInclude Include="Cube_Texture.h">
      <Filter>Header Files</Filter>
    </ClInclude>
    <ClInclude Include="Cube_VertexBuffer.h">
      <Filter>Header Files</Filter>
    </ClInclude>
    <ClInclude Include="CubeMan.h">
      <Filter>Header Files</Filter>
    </ClInclude>
    <ClInclude Include="CubeMan_Light.h">
      <Filter>Header Files</Filter>
    </ClInclude>
    <ClInclude Include="CubeMan_Walk.h">
      <Filter>Header Files</Filter>
    </ClInclude>
    <ClInclude Include="CubeManParts.h">
      <Filter>Header Files</Filter>
    </ClInclude>
    <ClInclude Include="CubeManParts_Light.h">
      <Filter>Header Files</Filter>
    </ClInclude>
    <ClInclude Include="Dijkstra.h">
      <Filter>Header Files</Filter>
    </ClInclude>
    <ClInclude Include="Font.h">
      <Filter>Header Files</Filter>
    </ClInclude>
    <ClInclude Include="FVF.h">
      <Filter>Header Files</Filter>
    </ClInclude>
    <ClInclude Include="GameManager.h">
      <Filter>Header Files</Filter>
    </ClInclude>
    <ClInclude Include="GameObject.h">
      <Filter>Header Files</Filter>
    </ClInclude>
    <ClInclude Include="GameState.h">
      <Filter>Header Files</Filter>
    </ClInclude>
    <ClInclude Include="GameState_Actions.h">
      <Filter>Header Files</Filter>
    </ClInclude>
    <ClInclude Include="GameState_ASE_Load.h">
      <Filter>Header Files</Filter>
    </ClInclude>
    <ClInclude Include="GameState_Collision.h">
      <Filter>Header Files</Filter>
    </ClInclude>
    <ClInclude Include="GameState_DX_Base.h">
      <Filter>Header Files</Filter>
    </ClInclude>
    <ClInclude Include="GameState_FVF.h">
      <Filter>Header Files</Filter>
    </ClInclude>
    <ClInclude Include="GameState_HierarchyAnimation.h">
      <Filter>Header Files</Filter>
    </ClInclude>
    <ClInclude Include="GameState_Light.h">
      <Filter>Header Files</Filter>
    </ClInclude>
    <ClInclude Include="GameState_OBJ_Load.h">
      <Filter>Header Files</Filter>
    </ClInclude>
    <ClInclude Include="GameState_PathFind.h">
      <Filter>Header Files</Filter>
    </ClInclude>
    <ClInclude Include="GameState_Picking.h">
      <Filter>Header Files</Filter>
    </ClInclude>
    <ClInclude Include="GameState_PickMouse.h">
      <Filter>Header Files</Filter>
    </ClInclude>
    <ClInclude Include="GameState_Texture.h">
      <Filter>Header Files</Filter>
    </ClInclude>
    <ClInclude Include="GameState_UI.h">
      <Filter>Header Files</Filter>
    </ClInclude>
    <ClInclude Include="GameState_VertexBuffer.h">
      <Filter>Header Files</Filter>
    </ClInclude>
    <ClInclude Include="GameStateManager.h">
      <Filter>Header Files</Filter>
    </ClInclude>
    <ClInclude Include="Grid.h">
      <Filter>Header Files</Filter>
    </ClInclude>
    <ClInclude Include="MaterialTexture.h">
      <Filter>Header Files</Filter>
    </ClInclude>
    <ClInclude Include="MemoryLeakCheck.h">
      <Filter>Header Files</Filter>
    </ClInclude>
    <ClInclude Include="Obj.h">
      <Filter>Header Files</Filter>
    </ClInclude>
    <ClInclude Include="ObjFileGroup.h">
      <Filter>Header Files</Filter>
    </ClInclude>
    <ClInclude Include="ObjLoader.h">
      <Filter>Header Files</Filter>
    </ClInclude>
    <ClInclude Include="PathFinder.h">
      <Filter>Header Files</Filter>
    </ClInclude>
    <ClInclude Include="PathNode.h">
      <Filter>Header Files</Filter>
    </ClInclude>
    <ClInclude Include="RandomUtil.h">
      <Filter>Header Files</Filter>
    </ClInclude>
    <ClInclude Include="Ray.h">
      <Filter>Header Files</Filter>
    </ClInclude>
    <ClInclude Include="stdafx.h">
      <Filter>Header Files</Filter>
    </ClInclude>
    <ClInclude Include="TextureManager.h">
      <Filter>Header Files</Filter>
    </ClInclude>
    <ClInclude Include="Triangle.h">
      <Filter>Header Files</Filter>
    </ClInclude>
    <ClInclude Include="UI_Base.h">
      <Filter>Header Files</Filter>
    </ClInclude>
    <ClInclude Include="UI_Button.h">
      <Filter>Header Files</Filter>
    </ClInclude>
    <ClInclude Include="UI_Functions.h">
      <Filter>Header Files</Filter>
    </ClInclude>
    <ClInclude Include="UI_Image.h">
      <Filter>Header Files</Filter>
    </ClInclude>
    <ClInclude Include="UI_Manager.h">
      <Filter>Header Files</Filter>
    </ClInclude>
    <ClInclude Include="UI_Text.h">
      <Filter>Header Files</Filter>
    </ClInclude>
  </ItemGroup>
  <ItemGroup>
    <ClCompile Include="ActionMove.cpp">
      <Filter>Source Files</Filter>
    </ClCompile>
    <ClCompile Include="ActionSequence.cpp">
      <Filter>Source Files</Filter>
    </ClCompile>
    <ClCompile Include="AseFrame.cpp">
      <Filter>Source Files</Filter>
    </ClCompile>
    <ClCompile Include="AseLoader.cpp">
      <Filter>Source Files</Filter>
    </ClCompile>
    <ClCompile Include="Barricade.cpp">
      <Filter>Source Files</Filter>
    </ClCompile>
    <ClCompile Include="Camera.cpp">
      <Filter>Source Files</Filter>
    </ClCompile>
    <ClCompile Include="Character.cpp">
      <Filter>Source Files</Filter>
    </ClCompile>
    <ClCompile Include="Character_Collision.cpp">
      <Filter>Source Files</Filter>
    </ClCompile>
    <ClCompile Include="Character_MouseMove.cpp">
      <Filter>Source Files</Filter>
    </ClCompile>
    <ClCompile Include="Character_PathMove.cpp">
      <Filter>Source Files</Filter>
    </ClCompile>
    <ClCompile Include="Collider_Box.cpp">
      <Filter>Source Files</Filter>
    </ClCompile>
    <ClCompile Include="Collider_Sphere.cpp">
      <Filter>Source Files</Filter>
    </ClCompile>
    <ClCompile Include="Collision.cpp">
      <Filter>Source Files</Filter>
    </ClCompile>
    <ClCompile Include="Cube.cpp">
      <Filter>Source Files</Filter>
    </ClCompile>
    <ClCompile Include="Cube_Material.cpp">
      <Filter>Source Files</Filter>
    </ClCompile>
    <ClCompile Include="Cube_Texture.cpp">
      <Filter>Source Files</Filter>
    </ClCompile>
    <ClCompile Include="Cube_VertexBuffer.cpp">
      <Filter>Source Files</Filter>
    </ClCompile>
    <ClCompile Include="CubeMan.cpp">
      <Filter>Source Files</Filter>
    </ClCompile>
    <ClCompile Include="CubeMan_Light.cpp">
      <Filter>Source Files</Filter>
    </ClCompile>
    <ClCompile Include="CubeMan_Walk.cpp">
      <Filter>Source Files</Filter>
    </ClCompile>
    <ClCompile Include="CubeManParts.cpp">
      <Filter>Source Files</Filter>
    </ClCompile>
    <ClCompile Include="CubeManParts_Light.cpp">
      <Filter>Source Files</Filter>
    </ClCompile>
    <ClCompile Include="Dijkstra.cpp">
      <Filter>Source Files</Filter>
    </ClCompile>
    <ClCompile Include="Font.cpp">
      <Filter>Source Files</Filter>
    </ClCompile>
    <ClCompile Include="GameManager.cpp">
      <Filter>Source Files</Filter>
    </ClCompile>
    <ClCompile Include="GameObject.cpp">
      <Filter>Source Files</Filter>
    </ClCompile>
    <ClCompile Include="GameState_Actions.cpp">
      <Filter>Source Files</Filter>
    </ClCompile>
    <ClCompile Include="GameState_ASE_Load.cpp">
      <Filter>Source Files</Filter>
    </ClCompile>
    <ClCompile Include="GameState_Collision.cpp">
      <Filter>Source Files</Filter>
    </ClCompile>
    <ClCompile Include="GameState_DX_Base.cpp">
      <Filter>Source Files</Filter>
    </ClCompile>
    <ClCompile Include="GameState_FVF.cpp">
      <Filter>Source Files</Filter>
    </ClCompile>
    <ClCompile Include="GameState_HierarchyAnimation.cpp">
      <Filter>Source Files</Filter>
    </ClCompile>
    <ClCompile Include="GameState_Light.cpp">
      <Filter>Source Files</Filter>
    </ClCompile>
    <ClCompile Include="GameState_OBJ_Load.cpp">
      <Filter>Source Files</Filter>
    </ClCompile>
    <ClCompile Include="GameState_PathFind.cpp">
      <Filter>Source Files</Filter>
    </ClCompile>
    <ClCompile Include="GameState_Picking.cpp">
      <Filter>Source Files</Filter>
    </ClCompile>
    <ClCompile Include="GameState_PickMouse.cpp">
      <Filter>Source Files</Filter>
    </ClCompile>
    <ClCompile Include="GameState_Texture.cpp">
      <Filter>Source Files</Filter>
    </ClCompile>
    <ClCompile Include="GameState_UI.cpp">
      <Filter>Source Files</Filter>
    </ClCompile>
    <ClCompile Include="GameState_VertexBuffer.cpp">
      <Filter>Source Files</Filter>
    </ClCompile>
    <ClCompile Include="GameStateManager.cpp">
      <Filter>Source Files</Filter>
    </ClCompile>
    <ClCompile Include="Grid.cpp">
      <Filter>Source Files</Filter>
    </ClCompile>
    <ClCompile Include="main.cpp">
      <Filter>Source Files</Filter>
    </ClCompile>
    <ClCompile Include="Obj.cpp">
      <Filter>Source Files</Filter>
    </ClCompile>
    <ClCompile Include="ObjFileGroup.cpp">
      <Filter>Source Files</Filter>
    </ClCompile>
    <ClCompile Include="ObjLoader.cpp">
      <Filter>Source Files</Filter>
    </ClCompile>
    <ClCompile Include="PathFinder.cpp">
      <Filter>Source Files</Filter>
    </ClCompile>
    <ClCompile Include="PathNode.cpp">
      <Filter>Source Files</Filter>
    </ClCompile>
    <ClCompile Include="RandomUtil.cpp">
      <Filter>Source Files</Filter>
    </ClCompile>
    <ClCompile Include="Ray.cpp">
      <Filter>Source Files</Filter>
    </ClCompile>
    <ClCompile Include="stdafx.cpp">
      <Filter>Source Files</Filter>
    </ClCompile>
    <ClCompile Include="TextureManager.cpp">
      <Filter>Source Files</Filter>
    </ClCompile>
    <ClCompile Include="UI_Base.cpp">
      <Filter>Source Files</Filter>
    </ClCompile>
    <ClCompile Include="UI_Button.cpp">
      <Filter>Source Files</Filter>
    </ClCompile>
    <ClCompile Include="UI_Functions.cpp">
      <Filter>Source Files</Filter>
    </ClCompile>
    <ClCompile Include="UI_Image.cpp">
      <Filter>Source Files</Filter>
    </ClCompile>
    <ClCompile Include="UI_Manager.cpp">
      <Filter>Source Files</Filter>
    </ClCompile>
    <ClCompile Include="UI_Text.cpp">
      <Filter>Source Files</Filter>
    </ClCompile>
  </ItemGroup>
  <ItemGroup>
    <None Include="Base_3D.vcxproj" />
  </ItemGroup>
</Project>